
Microsoft Visual Studio Solution File, Format Version 12.00
# Visual Studio Version 17
VisualStudioVersion = 17.0.31611.283
MinimumVisualStudioVersion = 10.0.40219.1
Project("{9A19103F-16F7-4668-BE54-9A1E7A4F7556}") = "ERP3", "ERP3\ERP3.csproj", "{E1783DA8-A64A-4039-9B36-837871419E23}"
EndProject
Project("{FAE04EC0-301F-11D3-BF4B-00C04F79EFBC}") = "Maui.Apps.Framework", "Maui.Apps.Framework\Maui.Apps.Framework.csproj", "{AAD22BD6-95DB-49A4-9E1B-5E7391E31945}"
EndProject
Global
	GlobalSection(SolutionConfigurationPlatforms) = preSolution
		Debug|Any CPU = Debug|Any CPU
		Release|Any CPU = Release|Any CPU
	EndGlobalSection
	GlobalSection(ProjectConfigurationPlatforms) = postSolution
		{E1783DA8-A64A-4039-9B36-837871419E23}.Debug|Any CPU.ActiveCfg = Debug|Any CPU
		{E1783DA8-A64A-4039-9B36-837871419E23}.Debug|Any CPU.Build.0 = Debug|Any CPU
		{E1783DA8-A64A-4039-9B36-837871419E23}.Debug|Any CPU.Deploy.0 = Debug|Any CPU
		{E1783DA8-A64A-4039-9B36-837871419E23}.Release|Any CPU.ActiveCfg = Release|Any CPU
		{E1783DA8-A64A-4039-9B36-837871419E23}.Release|Any CPU.Build.0 = Release|Any CPU
		{E1783DA8-A64A-4039-9B36-837871419E23}.Release|Any CPU.Deploy.0 = Release|Any CPU
		{AAD22BD6-95DB-49A4-9E1B-5E7391E31945}.Debug|Any CPU.ActiveCfg = Debug|Any CPU
		{AAD22BD6-95DB-49A4-9E1B-5E7391E31945}.Debug|Any CPU.Build.0 = Debug|Any CPU
		{AAD22BD6-95DB-49A4-9E1B-5E7391E31945}.Release|Any CPU.ActiveCfg = Release|Any CPU
		{AAD22BD6-95DB-49A4-9E1B-5E7391E31945}.Release|Any CPU.Build.0 = Release|Any CPU
	EndGlobalSection
	GlobalSection(SolutionProperties) = preSolution
		HideSolutionNode = FALSE
	EndGlobalSection
	GlobalSection(ExtensibilityGlobals) = postSolution
		SolutionGuid = {61F7FB11-1E47-470C-91E2-47F8143E1572}
	EndGlobalSection
EndGlobal
